
Microsoft Visual Studio Solution File, Format Version 12.00
# Visual Studio 15
VisualStudioVersion = 15.0.28010.2036
MinimumVisualStudioVersion = 10.0.40219.1
Project("{8BC9CEB8-8B4A-11D0-8D11-00A0C91BC942}") = "CS301-ASSIGNMENT-1", "CS301-ASSIGNMENT-1\CS301-ASSIGNMENT-1.vcxproj", "{2EF11789-E78F-405A-90FA-F232D06804FD}"
EndProject
Global
	GlobalSection(SolutionConfigurationPlatforms) = preSolution
		Debug|x64 = Debug|x64
		Debug|x86 = Debug|x86
		Release|x64 = Release|x64
		Release|x86 = Release|x86
	EndGlobalSection
	GlobalSection(ProjectConfigurationPlatforms) = postSolution
		{2EF11789-E78F-405A-90FA-F232D06804FD}.Debug|x64.ActiveCfg = Debug|x64
		{2EF11789-E78F-405A-90FA-F232D06804FD}.Debug|x64.Build.0 = Debug|x64
		{2EF11789-E78F-405A-90FA-F232D06804FD}.Debug|x86.ActiveCfg = Debug|Win32
		{2EF11789-E78F-405A-90FA-F232D06804FD}.Debug|x86.Build.0 = Debug|Win32
		{2EF11789-E78F-405A-90FA-F232D06804FD}.Release|x64.ActiveCfg = Release|x64
		{2EF11789-E78F-405A-90FA-F232D06804FD}.Release|x64.Build.0 = Release|x64
		{2EF11789-E78F-405A-90FA-F232D06804FD}.Release|x86.ActiveCfg = Release|Win32
		{2EF11789-E78F-405A-90FA-F232D06804FD}.Release|x86.Build.0 = Release|Win32
	EndGlobalSection
	GlobalSection(SolutionProperties) = preSolution
		HideSolutionNode = FALSE
	EndGlobalSection
	GlobalSection(ExtensibilityGlobals) = postSolution
		SolutionGuid = {0BA7F2D8-6C94-4033-89F6-C1AF7DF6C6A0}
	EndGlobalSection
EndGlobal
